
Microsoft Visual Studio Solution File, Format Version 12.00
# Visual Studio Version 16
VisualStudioVersion = 16.0.30907.101
MinimumVisualStudioVersion = 10.0.40219.1
Project("{FAE04EC0-301F-11D3-BF4B-00C04F79EFBC}") = "Nefis413Assignment1", "Nefis413Assignment1.csproj", "{42E49DFF-368C-4F99-8E81-D05144033D1C}"
EndProject
Global
	GlobalSection(SolutionConfigurationPlatforms) = preSolution
		Debug|Any CPU = Debug|Any CPU
		Release|Any CPU = Release|Any CPU
	EndGlobalSection
	GlobalSection(ProjectConfigurationPlatforms) = postSolution
		{42E49DFF-368C-4F99-8E81-D05144033D1C}.Debug|Any CPU.ActiveCfg = Debug|Any CPU
		{42E49DFF-368C-4F99-8E81-D05144033D1C}.Debug|Any CPU.Build.0 = Debug|Any CPU
		{42E49DFF-368C-4F99-8E81-D05144033D1C}.Release|Any CPU.ActiveCfg = Release|Any CPU
		{42E49DFF-368C-4F99-8E81-D05144033D1C}.Release|Any CPU.Build.0 = Release|Any CPU
	EndGlobalSection
	GlobalSection(SolutionProperties) = preSolution
		HideSolutionNode = FALSE
	EndGlobalSection
	GlobalSection(ExtensibilityGlobals) = postSolution
		SolutionGuid = {0CA75CF8-22CF-426F-B00F-6676BE8DBECC}
	EndGlobalSection
EndGlobal
